
Microsoft Visual Studio Solution File, Format Version 12.00
# Visual Studio Version 17
VisualStudioVersion = 17.4.33103.184
MinimumVisualStudioVersion = 10.0.40219.1
Project("{FAE04EC0-301F-11D3-BF4B-00C04F79EFBC}") = "WpfEx", "WpfEx\WpfEx.csproj", "{0A72FA22-A295-486B-BEC0-E23C78BBCD76}"
EndProject
Global
	GlobalSection(SolutionConfigurationPlatforms) = preSolution
		Debug|Any CPU = Debug|Any CPU
		Release|Any CPU = Release|Any CPU
	EndGlobalSection
	GlobalSection(ProjectConfigurationPlatforms) = postSolution
		{0A72FA22-A295-486B-BEC0-E23C78BBCD76}.Debug|Any CPU.ActiveCfg = Debug|Any CPU
		{0A72FA22-A295-486B-BEC0-E23C78BBCD76}.Debug|Any CPU.Build.0 = Debug|Any CPU
		{0A72FA22-A295-486B-BEC0-E23C78BBCD76}.Release|Any CPU.ActiveCfg = Release|Any CPU
		{0A72FA22-A295-486B-BEC0-E23C78BBCD76}.Release|Any CPU.Build.0 = Release|Any CPU
	EndGlobalSection
	GlobalSection(SolutionProperties) = preSolution
		HideSolutionNode = FALSE
	EndGlobalSection
	GlobalSection(ExtensibilityGlobals) = postSolution
		SolutionGuid = {547A380D-D67F-4D26-A2D1-180BD8E97FA6}
	EndGlobalSection
EndGlobal
